<?xml version="1.0" encoding="utf-8"?>
<Project ToolsVersion="4.0" xmlns="http://schemas.microsoft.com/developer/msbuild/2003">
  <ItemGroup>
    <Filter Include="unit_tests">
      <UniqueIdentifier>{f0149da5-4766-43cb-893c-2666ccc65e36}</UniqueIdentifier>
    </Filter>
  </ItemGroup>
  <ItemGroup>
    <ClInclude Include="lss_sparse_solvers_cuda_t.h">
      <Filter>unit_tests</Filter>
    </ClInclude>
    <ClInclude Include="lss_helpers.h" />
    <ClInclude Include="lss_macros.h" />
    <ClInclude Include="lss_sparse_solvers_cuda.h" />
    <ClInclude Include="lss_sparse_solvers.h" />
    <ClInclude Include="lss_types.h" />
    <ClInclude Include="lss_utility.h" />
    <ClInclude Include="lss_dense_solvers_cuda.h" />
    <ClInclude Include="lss_dense_solvers_cuda_t.h">
      <Filter>unit_tests</Filter>
    </ClInclude>
    <ClInclude Include="lss_dense_solvers_policy.h" />
    <ClInclude Include="lss_sparse_solvers_policy.h" />
    <ClInclude Include="lss_dense_solvers.h" />
    <ClInclude Include="lss_fdm_tridiagonal_solvers_t.h">
      <Filter>unit_tests</Filter>
    </ClInclude>
    <ClInclude Include="lss_fdm_tridiagonal_solvers.h" />
    <ClInclude Include="lss_fdm_double_sweep_solver.h" />
    <ClInclude Include="lss_fdm_thomas_lu_solver.h" />
    <ClInclude Include="lss_one_dimensional_pde_solvers.h" />
  </ItemGroup>
  <ItemGroup>
    <CudaCompile Include="main.cu" />
  </ItemGroup>
</Project>